
Microsoft Visual Studio Solution File, Format Version 12.00
# Visual Studio Version 17
VisualStudioVersion = 17.0.32112.339
MinimumVisualStudioVersion = 10.0.40219.1
Project("{FAE04EC0-301F-11D3-BF4B-00C04F79EFBC}") = "CopyGroupPlugin", "CopyGroupPlugin\CopyGroupPlugin.csproj", "{7E2A8351-F959-440F-858A-59684F2E02A0}"
EndProject
Global
	GlobalSection(SolutionConfigurationPlatforms) = preSolution
		Debug|Any CPU = Debug|Any CPU
		Release|Any CPU = Release|Any CPU
	EndGlobalSection
	GlobalSection(ProjectConfigurationPlatforms) = postSolution
		{7E2A8351-F959-440F-858A-59684F2E02A0}.Debug|Any CPU.ActiveCfg = Debug|Any CPU
		{7E2A8351-F959-440F-858A-59684F2E02A0}.Debug|Any CPU.Build.0 = Debug|Any CPU
		{7E2A8351-F959-440F-858A-59684F2E02A0}.Release|Any CPU.ActiveCfg = Release|Any CPU
		{7E2A8351-F959-440F-858A-59684F2E02A0}.Release|Any CPU.Build.0 = Release|Any CPU
	EndGlobalSection
	GlobalSection(SolutionProperties) = preSolution
		HideSolutionNode = FALSE
	EndGlobalSection
	GlobalSection(ExtensibilityGlobals) = postSolution
		SolutionGuid = {5A927738-606D-41AE-AF40-E5C3E8BED30D}
	EndGlobalSection
EndGlobal
